# This file is automatically @generated by Cargo.
# It is not intended for manual editing.
version = 4

[[package]]
name = "color"
version = "0.3.1"
source = "registry+https://github.com/rust-lang/crates.io-index"
checksum = "7ae467d04a8a8aea5d9a49018a6ade2e4221d92968e8ce55a48c0b1164e5f698"

[[package]]
name = "lines-core"
version = "0.1.0"
dependencies = [
 "color",
]
